
Microsoft Visual Studio Solution File, Format Version 12.00
Project("{FAE04EC0-301F-11D3-BF4B-00C04F79EFBC}") = "MmiSoft.Core", "MmiSoft.Core\MmiSoft.Core.csproj", "{04452232-4BCE-4835-B2D1-7B3872B9CE8E}"
EndProject
Project("{FAE04EC0-301F-11D3-BF4B-00C04F79EFBC}") = "MmiSoft.Core.Test", "MmiSoft.Core.Test\MmiSoft.Core.Test.csproj", "{67641DC4-9C03-4ED3-8CCE-ADEBA475526D}"
EndProject
Project("{FAE04EC0-301F-11D3-BF4B-00C04F79EFBC}") = "MmiSoft.Core.System", "MmiSoft.Core.System\MmiSoft.Core.System.csproj", "{6AE60DE7-A177-4CF6-9B2C-230927A094F1}"
EndProject
Global
	GlobalSection(SolutionConfigurationPlatforms) = preSolution
		Debug|Any CPU = Debug|Any CPU
		Release|Any CPU = Release|Any CPU
	EndGlobalSection
	GlobalSection(ProjectConfigurationPlatforms) = postSolution
		{04452232-4BCE-4835-B2D1-7B3872B9CE8E}.Debug|Any CPU.ActiveCfg = Debug|Any CPU
		{04452232-4BCE-4835-B2D1-7B3872B9CE8E}.Debug|Any CPU.Build.0 = Debug|Any CPU
		{04452232-4BCE-4835-B2D1-7B3872B9CE8E}.Release|Any CPU.ActiveCfg = Release|Any CPU
		{04452232-4BCE-4835-B2D1-7B3872B9CE8E}.Release|Any CPU.Build.0 = Release|Any CPU
		{67641DC4-9C03-4ED3-8CCE-ADEBA475526D}.Debug|Any CPU.ActiveCfg = Debug|Any CPU
		{67641DC4-9C03-4ED3-8CCE-ADEBA475526D}.Debug|Any CPU.Build.0 = Debug|Any CPU
		{67641DC4-9C03-4ED3-8CCE-ADEBA475526D}.Release|Any CPU.ActiveCfg = Release|Any CPU
		{67641DC4-9C03-4ED3-8CCE-ADEBA475526D}.Release|Any CPU.Build.0 = Release|Any CPU
		{6AE60DE7-A177-4CF6-9B2C-230927A094F1}.Debug|Any CPU.ActiveCfg = Debug|Any CPU
		{6AE60DE7-A177-4CF6-9B2C-230927A094F1}.Debug|Any CPU.Build.0 = Debug|Any CPU
		{6AE60DE7-A177-4CF6-9B2C-230927A094F1}.Release|Any CPU.ActiveCfg = Release|Any CPU
		{6AE60DE7-A177-4CF6-9B2C-230927A094F1}.Release|Any CPU.Build.0 = Release|Any CPU
	EndGlobalSection
EndGlobal
